{
  "name": "philcady.com",
  "version": "1.0.0",
  "lockfileVersion": 1,
  "requires": true,
  "dependencies": {
    "browser-sync": {
      "version": "2.18.12",
      "resolved": "https://registry.npmjs.org/browser-sync/-/browser-sync-2.18.12.tgz",
      "integrity": "sha1-u6oKF6lh4rXwqOdg5pUCcYZmR3k=",
      "dev": true,
      "dependencies": {
        "camelcase": {
          "version": "3.0.0",
          "resolved": "https://registry.npmjs.org/camelcase/-/camelcase-3.0.0.tgz",
          "integrity": "sha1-MvxLn82vhF/N9+c7uXysImHwqwo="
        },
        "qs": {
          "version": "6.2.1",
          "resolved": "https://registry.npmjs.org/qs/-/qs-6.2.1.tgz",
          "integrity": "sha1-zgPF/wk1vB2daanxTL0Y5WjWdiU="
        },
        "window-size": {
          "version": "0.2.0",
          "resolved": "https://registry.npmjs.org/window-size/-/window-size-0.2.0.tgz",
          "integrity": "sha1-tDFbtCFKPXBY6+7okuE/ok2YsHU="
        },
        "yargs": {
          "version": "6.4.0",
          "resolved": "https://registry.npmjs.org/yargs/-/yargs-6.4.0.tgz",
          "integrity": "sha1-gW4ahm1VmMzzTlWW3c4i2S2kkNQ="
        },
        "yargs-parser": {
          "version": "4.2.1",
          "resolved": "https://registry.npmjs.org/yargs-parser/-/yargs-parser-4.2.1.tgz",
          "integrity": "sha1-KczqwNxPA8bIe0qfIX3RjJ90hxw="
        }
      }
    },
    "browsersync": {
      "version": "0.0.1-security",
      "resolved": "https://registry.npmjs.org/browsersync/-/browsersync-0.0.1-security.tgz",
      "integrity": "sha1-6IX+Q1TS7FpWXDjEwr8KASrWSGA=",
      "dev": true
    },
    "gulp": {
      "version": "3.9.1",
      "resolved": "https://registry.npmjs.org/gulp/-/gulp-3.9.1.tgz",
      "integrity": "sha1-VxzkWSjdQK9lFPxAEYZgFsE4RbQ=",
      "dev": true,
      "dependencies": {
        "minimist": {
          "version": "1.2.0",
          "resolved": "https://registry.npmjs.org/minimist/-/minimist-1.2.0.tgz",
          "integrity": "sha1-o1AIsg9BOD7sH7kU9M1d95omQoQ="
        }
      }
    },
    "gulp-autoprefixer": {
      "version": "4.0.0",
      "resolved": "https://registry.npmjs.org/gulp-autoprefixer/-/gulp-autoprefixer-4.0.0.tgz",
      "integrity": "sha1-4AqMVxuF0GUWrCY0G+kN/Z/B6rA=",
      "dev": true
    },
    "gulp-dest": {
      "version": "0.2.3",
      "resolved": "https://registry.npmjs.org/gulp-dest/-/gulp-dest-0.2.3.tgz",
      "integrity": "sha1-yOGFMBwglRH6TDxFe2G1wXtNH5s=",
      "dev": true,
      "dependencies": {
        "parse-filepath": {
          "version": "0.6.3",
          "resolved": "https://registry.npmjs.org/parse-filepath/-/parse-filepath-0.6.3.tgz",
          "integrity": "sha1-OOF6c+Xk5ndrrpUG/DzLFLw6K4A="
        }
      }
    },
    "gulp-imagemin": {
      "version": "3.3.0",
      "resolved": "https://registry.npmjs.org/gulp-imagemin/-/gulp-imagemin-3.3.0.tgz",
      "integrity": "sha1-xVdkwmBZPoWVYJ5mpAEmkR7yImQ=",
      "dev": true
    },
    "gulp-sass": {
      "version": "3.1.0",
      "resolved": "https://registry.npmjs.org/gulp-sass/-/gulp-sass-3.1.0.tgz",
      "integrity": "sha1-U9xLaKH13f5EJKtMJHZVJpqLdLc=",
      "dev": true
    },
    "gulp-sourcemaps": {
      "version": "2.6.0",
      "resolved": "https://registry.npmjs.org/gulp-sourcemaps/-/gulp-sourcemaps-2.6.0.tgz",
      "integrity": "sha1-fMzomaijv8oVk6M0jQ+/Qd0/UeU=",
      "dev": true,
      "dependencies": {
        "vinyl": {
          "version": "1.2.0",
          "resolved": "https://registry.npmjs.org/vinyl/-/vinyl-1.2.0.tgz",
          "integrity": "sha1-XIgDbPVl5d8FVYv8kR+GVt8hiIQ="
        }
      }
    },
    "less": {
      "version": "2.7.2",
      "resolved": "https://registry.npmjs.org/less/-/less-2.7.2.tgz",
      "integrity": "sha1-No1sxz4fsDmBGDKAkYdDxdz5s98="
    },
    "underscore": {
      "version": "1.12.1",
      "resolved": "https://registry.npmjs.org/underscore/-/underscore-1.12.1.tgz",
      "integrity": "sha512-hEQt0+ZLDVUMhebKxL4x1BTtDY7bavVofhZ9KZ4aI26X9SRaE+Y3m83XUL1UP2jn8ynjndwCCpEHdUG+9pP1Tw=="
    }
  }
}
